// !$*UTF8*$!
{
	archiveVersion = 1;
	classes = {
	};
	objectVersion = 51;
	objects = {

/* Begin PBXBuildFile section */
		B6601357871FC7DF3C087FF0 /* Pods_My_timetable.framework in Frameworks */ = {isa = PBXBuildFile; fileRef = 956F0965088FDE36C242A889 /* Pods_My_timetable.framework */; };
		C4910B8E23F889590008607F /* AppDelegate.swift in Sources */ = {isa = PBXBuildFile; fileRef = C4910B8D23F889590008607F /* AppDelegate.swift */; };
		C4910B9023F889590008607F /* SceneDelegate.swift in Sources */ = {isa = PBXBuildFile; fileRef = C4910B8F23F889590008607F /* SceneDelegate.swift */; };
		C4910B9523F889590008607F /* Main.storyboard in Resources */ = {isa = PBXBuildFile; fileRef = C4910B9323F889590008607F /* Main.storyboard */; };
		C4910B9723F889640008607F /* Assets.xcassets in Resources */ = {isa = PBXBuildFile; fileRef = C4910B9623F889640008607F /* Assets.xcassets */; };
		C4910B9A23F889640008607F /* LaunchScreen.storyboard in Resources */ = {isa = PBXBuildFile; fileRef = C4910B9823F889640008607F /* LaunchScreen.storyboard */; };
		C4EE2F3123F9C8BB00FCECB6 /* TimetableViewController.swift in Sources */ = {isa = PBXBuildFile; fileRef = C4EE2F3023F9C8BB00FCECB6 /* TimetableViewController.swift */; };
		C4EE2F3323F9C96100FCECB6 /* TrainingCell.swift in Sources */ = {isa = PBXBuildFile; fileRef = C4EE2F3223F9C96100FCECB6 /* TrainingCell.swift */; };
		C4EE2F3523F9CE5B00FCECB6 /* Training.swift in Sources */ = {isa = PBXBuildFile; fileRef = C4EE2F3423F9CE5B00FCECB6 /* Training.swift */; };
		C4EE2F3723F9D54400FCECB6 /* NetworkService.swift in Sources */ = {isa = PBXBuildFile; fileRef = C4EE2F3623F9D54400FCECB6 /* NetworkService.swift */; };
		C4EE2F3B23FBF2A100FCECB6 /* Weekdays.swift in Sources */ = {isa = PBXBuildFile; fileRef = C4EE2F3A23FBF2A100FCECB6 /* Weekdays.swift */; };
		C4EE2F4023FC7C3300FCECB6 /* StorageManager.swift in Sources */ = {isa = PBXBuildFile; fileRef = C4EE2F3F23FC7C3200FCECB6 /* StorageManager.swift */; };
/* End PBXBuildFile section */

/* Begin PBXFileReference section */
		2D1258603AE49C58E8455F06 /* Pods-My timetable.release.xcconfig */ = {isa = PBXFileReference; includeInIndex = 1; lastKnownFileType = text.xcconfig; name = "Pods-My timetable.release.xcconfig"; path = "Target Support Files/Pods-My timetable/Pods-My timetable.release.xcconfig"; sourceTree = "<group>"; };
		442503515C176B10938E01A1 /* Pods-My timetable.debug.xcconfig */ = {isa = PBXFileReference; includeInIndex = 1; lastKnownFileType = text.xcconfig; name = "Pods-My timetable.debug.xcconfig"; path = "Target Support Files/Pods-My timetable/Pods-My timetable.debug.xcconfig"; sourceTree = "<group>"; };
		956F0965088FDE36C242A889 /* Pods_My_timetable.framework */ = {isa = PBXFileReference; explicitFileType = wrapper.framework; includeInIndex = 0; path = Pods_My_timetable.framework; sourceTree = BUILT_PRODUCTS_DIR; };
		C4910B8A23F889590008607F /* My timetable.app */ = {isa = PBXFileReference; explicitFileType = wrapper.application; includeInIndex = 0; path = "My timetable.app"; sourceTree = BUILT_PRODUCTS_DIR; };
		C4910B8D23F889590008607F /* AppDelegate.swift */ = {isa = PBXFileReference; lastKnownFileType = sourcecode.swift; path = AppDelegate.swift; sourceTree = "<group>"; };
		C4910B8F23F889590008607F /* SceneDelegate.swift */ = {isa = PBXFileReference; lastKnownFileType = sourcecode.swift; path = SceneDelegate.swift; sourceTree = "<group>"; };
		C4910B9423F889590008607F /* Base */ = {isa = PBXFileReference; lastKnownFileType = file.storyboard; name = Base; path = Base.lproj/Main.storyboard; sourceTree = "<group>"; };
		C4910B9623F889640008607F /* Assets.xcassets */ = {isa = PBXFileReference; lastKnownFileType = folder.assetcatalog; path = Assets.xcassets; sourceTree = "<group>"; };
		C4910B9923F889640008607F /* Base */ = {isa = PBXFileReference; lastKnownFileType = file.storyboard; name = Base; path = Base.lproj/LaunchScreen.storyboard; sourceTree = "<group>"; };
		C4910B9B23F889640008607F /* Info.plist */ = {isa = PBXFileReference; lastKnownFileType = text.plist.xml; path = Info.plist; sourceTree = "<group>"; };
		C4EE2F3023F9C8BB00FCECB6 /* TimetableViewController.swift */ = {isa = PBXFileReference; lastKnownFileType = sourcecode.swift; path = TimetableViewController.swift; sourceTree = "<group>"; };
		C4EE2F3223F9C96100FCECB6 /* TrainingCell.swift */ = {isa = PBXFileReference; lastKnownFileType = sourcecode.swift; path = TrainingCell.swift; sourceTree = "<group>"; };
		C4EE2F3423F9CE5B00FCECB6 /* Training.swift */ = {isa = PBXFileReference; lastKnownFileType = sourcecode.swift; path = Training.swift; sourceTree = "<group>"; };
		C4EE2F3623F9D54400FCECB6 /* NetworkService.swift */ = {isa = PBXFileReference; lastKnownFileType = sourcecode.swift; path = NetworkService.swift; sourceTree = "<group>"; };
		C4EE2F3A23FBF2A100FCECB6 /* Weekdays.swift */ = {isa = PBXFileReference; lastKnownFileType = sourcecode.swift; path = Weekdays.swift; sourceTree = "<group>"; };
		C4EE2F3F23FC7C3200FCECB6 /* StorageManager.swift */ = {isa = PBXFileReference; lastKnownFileType = sourcecode.swift; path = StorageManager.swift; sourceTree = "<group>"; };
/* End PBXFileReference section */

/* Begin PBXFrameworksBuildPhase section */
		C4910B8723F889590008607F /* Frameworks */ = {
			isa = PBXFrameworksBuildPhase;
			buildActionMask = 2147483647;
			files = (
				B6601357871FC7DF3C087FF0 /* Pods_My_timetable.framework in Frameworks */,
			);
			runOnlyForDeploymentPostprocessing = 0;
		};
/* End PBXFrameworksBuildPhase section */

/* Begin PBXGroup section */
		7AD8AA479DCB2AA869C85F6D /* Pods */ = {
			isa = PBXGroup;
			children = (
				442503515C176B10938E01A1 /* Pods-My timetable.debug.xcconfig */,
				2D1258603AE49C58E8455F06 /* Pods-My timetable.release.xcconfig */,
			);
			path = Pods;
			sourceTree = "<group>";
		};
		C4910B8123F889590008607F = {
			isa = PBXGroup;
			children = (
				C4910B8C23F889590008607F /* My timetable */,
				C4910B8B23F889590008607F /* Products */,
				7AD8AA479DCB2AA869C85F6D /* Pods */,
				FA94C0503FDE44A5DF356C28 /* Frameworks */,
			);
			sourceTree = "<group>";
		};
		C4910B8B23F889590008607F /* Products */ = {
			isa = PBXGroup;
			children = (
				C4910B8A23F889590008607F /* My timetable.app */,
			);
			name = Products;
			sourceTree = "<group>";
		};
		C4910B8C23F889590008607F /* My timetable */ = {
			isa = PBXGroup;
			children = (
				C4EE2F3E23FC704F00FCECB6 /* Support */,
				C4EE2F3823F9ECC900FCECB6 /* Models */,
				C4EE2F3D23FC700E00FCECB6 /* Controller */,
				C4EE2F3C23FC6FB000FCECB6 /* View */,
				C4EE2F3923F9ECDB00FCECB6 /* Networking */,
			);
			path = "My timetable";
			sourceTree = "<group>";
		};
		C4EE2F3823F9ECC900FCECB6 /* Models */ = {
			isa = PBXGroup;
			children = (
				C4EE2F3423F9CE5B00FCECB6 /* Training.swift */,
			);
			path = Models;
			sourceTree = "<group>";
		};
		C4EE2F3923F9ECDB00FCECB6 /* Networking */ = {
			isa = PBXGroup;
			children = (
				C4EE2F3623F9D54400FCECB6 /* NetworkService.swift */,
			);
			path = Networking;
			sourceTree = "<group>";
		};
		C4EE2F3C23FC6FB000FCECB6 /* View */ = {
			isa = PBXGroup;
			children = (
				C4910B9323F889590008607F /* Main.storyboard */,
				C4910B9823F889640008607F /* LaunchScreen.storyboard */,
			);
			path = View;
			sourceTree = "<group>";
		};
		C4EE2F3D23FC700E00FCECB6 /* Controller */ = {
			isa = PBXGroup;
			children = (
				C4EE2F3023F9C8BB00FCECB6 /* TimetableViewController.swift */,
				C4EE2F3223F9C96100FCECB6 /* TrainingCell.swift */,
			);
			path = Controller;
			sourceTree = "<group>";
		};
		C4EE2F3E23FC704F00FCECB6 /* Support */ = {
			isa = PBXGroup;
			children = (
				C4910B9B23F889640008607F /* Info.plist */,
				C4910B9623F889640008607F /* Assets.xcassets */,
				C4910B8D23F889590008607F /* AppDelegate.swift */,
				C4EE2F3F23FC7C3200FCECB6 /* StorageManager.swift */,
				C4910B8F23F889590008607F /* SceneDelegate.swift */,
				C4EE2F3A23FBF2A100FCECB6 /* Weekdays.swift */,
			);
			path = Support;
			sourceTree = "<group>";
		};
		FA94C0503FDE44A5DF356C28 /* Frameworks */ = {
			isa = PBXGroup;
			children = (
				956F0965088FDE36C242A889 /* Pods_My_timetable.framework */,
			);
			name = Frameworks;
			sourceTree = "<group>";
		};
/* End PBXGroup section */

/* Begin PBXNativeTarget section */
		C4910B8923F889590008607F /* My timetable */ = {
			isa = PBXNativeTarget;
			buildConfigurationList = C4910B9E23F889640008607F /* Build configuration list for PBXNativeTarget "My timetable" */;
			buildPhases = (
				A5664DA217EF32F8207CC6F7 /* [CP] Check Pods Manifest.lock */,
				C4910B8623F889590008607F /* Sources */,
				C4910B8723F889590008607F /* Frameworks */,
				C4910B8823F889590008607F /* Resources */,
				5F8D2973BDA01D38865EFBB7 /* [CP] Embed Pods Frameworks */,
			);
			buildRules = (
			);
			dependencies = (
			);
			name = "My timetable";
			productName = "My timetable";
			productReference = C4910B8A23F889590008607F /* My timetable.app */;
			productType = "com.apple.product-type.application";
		};
/* End PBXNativeTarget section */

/* Begin PBXProject section */
		C4910B8223F889590008607F /* Project object */ = {
			isa = PBXProject;
			attributes = {
				LastSwiftUpdateCheck = 1130;
				LastUpgradeCheck = 1130;
				ORGANIZATIONNAME = "Васлий Николаев";
				TargetAttributes = {
					C4910B8923F889590008607F = {
						CreatedOnToolsVersion = 11.3.1;
					};
				};
			};
			buildConfigurationList = C4910B8523F889590008607F /* Build configuration list for PBXProject "My timetable" */;
			compatibilityVersion = "Xcode 9.3";
			developmentRegion = en;
			hasScannedForEncodings = 0;
			knownRegions = (
				en,
				Base,
			);
			mainGroup = C4910B8123F889590008607F;
			productRefGroup = C4910B8B23F889590008607F /* Products */;
			projectDirPath = "";
			projectRoot = "";
			targets = (
				C4910B8923F889590008607F /* My timetable */,
			);
		};
/* End PBXProject section */

/* Begin PBXResourcesBuildPhase section */
		C4910B8823F889590008607F /* Resources */ = {
			isa = PBXResourcesBuildPhase;
			buildActionMask = 2147483647;
			files = (
				C4910B9A23F889640008607F /* LaunchScreen.storyboard in Resources */,
				C4910B9723F889640008607F /* Assets.xcassets in Resources */,
				C4910B9523F889590008607F /* Main.storyboard in Resources */,
			);
			runOnlyForDeploymentPostprocessing = 0;
		};
/* End PBXResourcesBuildPhase section */

/* Begin PBXShellScriptBuildPhase section */
		5F8D2973BDA01D38865EFBB7 /* [CP] Embed Pods Frameworks */ = {
			isa = PBXShellScriptBuildPhase;
			buildActionMask = 2147483647;
			files = (
			);
			inputFileListPaths = (
				"${PODS_ROOT}/Target Support Files/Pods-My timetable/Pods-My timetable-frameworks-${CONFIGURATION}-input-files.xcfilelist",
			);
			name = "[CP] Embed Pods Frameworks";
			outputFileListPaths = (
				"${PODS_ROOT}/Target Support Files/Pods-My timetable/Pods-My timetable-frameworks-${CONFIGURATION}-output-files.xcfilelist",
			);
			runOnlyForDeploymentPostprocessing = 0;
			shellPath = /bin/sh;
			shellScript = "\"${PODS_ROOT}/Target Support Files/Pods-My timetable/Pods-My timetable-frameworks.sh\"\n";
			showEnvVarsInLog = 0;
		};
		A5664DA217EF32F8207CC6F7 /* [CP] Check Pods Manifest.lock */ = {
			isa = PBXShellScriptBuildPhase;
			buildActionMask = 2147483647;
			files = (
			);
			inputFileListPaths = (
			);
			inputPaths = (
				"${PODS_PODFILE_DIR_PATH}/Podfile.lock",
				"${PODS_ROOT}/Manifest.lock",
			);
			name = "[CP] Check Pods Manifest.lock";
			outputFileListPaths = (
			);
			outputPaths = (
				"$(DERIVED_FILE_DIR)/Pods-My timetable-checkManifestLockResult.txt",
			);
			runOnlyForDeploymentPostprocessing = 0;
			shellPath = /bin/sh;
			shellScript = "diff \"${PODS_PODFILE_DIR_PATH}/Podfile.lock\" \"${PODS_ROOT}/Manifest.lock\" > /dev/null\nif [ $? != 0 ] ; then\n    # print error to STDERR\n    echo \"error: The sandbox is not in sync with the Podfile.lock. Run 'pod install' or update your CocoaPods installation.\" >&2\n    exit 1\nfi\n# This output is used by Xcode 'outputs' to avoid re-running this script phase.\necho \"SUCCESS\" > \"${SCRIPT_OUTPUT_FILE_0}\"\n";
			showEnvVarsInLog = 0;
		};
/* End PBXShellScriptBuildPhase section */

/* Begin PBXSourcesBuildPhase section */
		C4910B8623F889590008607F /* Sources */ = {
			isa = PBXSourcesBuildPhase;
			buildActionMask = 2147483647;
			files = (
				C4910B8E23F889590008607F /* AppDelegate.swift in Sources */,
				C4EE2F3323F9C96100FCECB6 /* TrainingCell.swift in Sources */,
				C4EE2F3123F9C8BB00FCECB6 /* TimetableViewController.swift in Sources */,
				C4910B9023F889590008607F /* SceneDelegate.swift in Sources */,
				C4EE2F3723F9D54400FCECB6 /* NetworkService.swift in Sources */,
				C4EE2F3523F9CE5B00FCECB6 /* Training.swift in Sources */,
				C4EE2F3B23FBF2A100FCECB6 /* Weekdays.swift in Sources */,
				C4EE2F4023FC7C3300FCECB6 /* StorageManager.swift in Sources */,
			);
			runOnlyForDeploymentPostprocessing = 0;
		};
/* End PBXSourcesBuildPhase section */

/* Begin PBXVariantGroup section */
		C4910B9323F889590008607F /* Main.storyboard */ = {
			isa = PBXVariantGroup;
			children = (
				C4910B9423F889590008607F /* Base */,
			);
			name = Main.storyboard;
			sourceTree = "<group>";
		};
		C4910B9823F889640008607F /* LaunchScreen.storyboard */ = {
			isa = PBXVariantGroup;
			children = (
				C4910B9923F889640008607F /* Base */,
			);
			name = LaunchScreen.storyboard;
			sourceTree = "<group>";
		};
/* End PBXVariantGroup section */

/* Begin XCBuildConfiguration section */
		C4910B9C23F889640008607F /* Debug */ = {
			isa = XCBuildConfiguration;
			buildSettings = {
				ALWAYS_SEARCH_USER_PATHS = NO;
				CLANG_ANALYZER_NONNULL = YES;
				CLANG_ANALYZER_NUMBER_OBJECT_CONVERSION = YES_AGGRESSIVE;
				CLANG_CXX_LANGUAGE_STANDARD = "gnu++14";
				CLANG_CXX_LIBRARY = "libc++";
				CLANG_ENABLE_MODULES = YES;
				CLANG_ENABLE_OBJC_ARC = YES;
				CLANG_ENABLE_OBJC_WEAK = YES;
				CLANG_WARN_BLOCK_CAPTURE_AUTORELEASING = YES;
				CLANG_WARN_BOOL_CONVERSION = YES;
				CLANG_WARN_COMMA = YES;
				CLANG_WARN_CONSTANT_CONVERSION = YES;
				CLANG_WARN_DEPRECATED_OBJC_IMPLEMENTATIONS = YES;
				CLANG_WARN_DIRECT_OBJC_ISA_USAGE = YES_ERROR;
				CLANG_WARN_DOCUMENTATION_COMMENTS = YES;
				CLANG_WARN_EMPTY_BODY = YES;
				CLANG_WARN_ENUM_CONVERSION = YES;
				CLANG_WARN_INFINITE_RECURSION = YES;
				CLANG_WARN_INT_CONVERSION = YES;
				CLANG_WARN_NON_LITERAL_NULL_CONVERSION = YES;
				CLANG_WARN_OBJC_IMPLICIT_RETAIN_SELF = YES;
				CLANG_WARN_OBJC_LITERAL_CONVERSION = YES;
				CLANG_WARN_OBJC_ROOT_CLASS = YES_ERROR;
				CLANG_WARN_RANGE_LOOP_ANALYSIS = YES;
				CLANG_WARN_STRICT_PROTOTYPES = YES;
				CLANG_WARN_SUSPICIOUS_MOVE = YES;
				CLANG_WARN_UNGUARDED_AVAILABILITY = YES_AGGRESSIVE;
				CLANG_WARN_UNREACHABLE_CODE = YES;
				CLANG_WARN__DUPLICATE_METHOD_MATCH = YES;
				COPY_PHASE_STRIP = NO;
				DEBUG_INFORMATION_FORMAT = dwarf;
				ENABLE_STRICT_OBJC_MSGSEND = YES;
				ENABLE_TESTABILITY = YES;
				GCC_C_LANGUAGE_STANDARD = gnu11;
				GCC_DYNAMIC_NO_PIC = NO;
				GCC_NO_COMMON_BLOCKS = YES;
				GCC_OPTIMIZATION_LEVEL = 0;
				GCC_PREPROCESSOR_DEFINITIONS = (
					"DEBUG=1",
					"$(inherited)",
				);
				GCC_WARN_64_TO_32_BIT_CONVERSION = YES;
				GCC_WARN_ABOUT_RETURN_TYPE = YES_ERROR;
				GCC_WARN_UNDECLARED_SELECTOR = YES;
				GCC_WARN_UNINITIALIZED_AUTOS = YES_AGGRESSIVE;
				GCC_WARN_UNUSED_FUNCTION = YES;
				GCC_WARN_UNUSED_VARIABLE = YES;
				IPHONEOS_DEPLOYMENT_TARGET = 13.2;
				MTL_ENABLE_DEBUG_INFO = INCLUDE_SOURCE;
				MTL_FAST_MATH = YES;
				ONLY_ACTIVE_ARCH = YES;
				SDKROOT = iphoneos;
				SWIFT_ACTIVE_COMPILATION_CONDITIONS = DEBUG;
				SWIFT_OPTIMIZATION_LEVEL = "-Onone";
			};
			name = Debug;
		};
		C4910B9D23F889640008607F /* Release */ = {
			isa = XCBuildConfiguration;
			buildSettings = {
				ALWAYS_SEARCH_USER_PATHS = NO;
				CLANG_ANALYZER_NONNULL = YES;
				CLANG_ANALYZER_NUMBER_OBJECT_CONVERSION = YES_AGGRESSIVE;
				CLANG_CXX_LANGUAGE_STANDARD = "gnu++14";
				CLANG_CXX_LIBRARY = "libc++";
				CLANG_ENABLE_MODULES = YES;
				CLANG_ENABLE_OBJC_ARC = YES;
				CLANG_ENABLE_OBJC_WEAK = YES;
				CLANG_WARN_BLOCK_CAPTURE_AUTORELEASING = YES;
				CLANG_WARN_BOOL_CONVERSION = YES;
				CLANG_WARN_COMMA = YES;
				CLANG_WARN_CONSTANT_CONVERSION = YES;
				CLANG_WARN_DEPRECATED_OBJC_IMPLEMENTATIONS = YES;
				CLANG_WARN_DIRECT_OBJC_ISA_USAGE = YES_ERROR;
				CLANG_WARN_DOCUMENTATION_COMMENTS = YES;
				CLANG_WARN_EMPTY_BODY = YES;
				CLANG_WARN_ENUM_CONVERSION = YES;
				CLANG_WARN_INFINITE_RECURSION = YES;
				CLANG_WARN_INT_CONVERSION = YES;
				CLANG_WARN_NON_LITERAL_NULL_CONVERSION = YES;
				CLANG_WARN_OBJC_IMPLICIT_RETAIN_SELF = YES;
				CLANG_WARN_OBJC_LITERAL_CONVERSION = YES;
				CLANG_WARN_OBJC_ROOT_CLASS = YES_ERROR;
				CLANG_WARN_RANGE_LOOP_ANALYSIS = YES;
				CLANG_WARN_STRICT_PROTOTYPES = YES;
				CLANG_WARN_SUSPICIOUS_MOVE = YES;
				CLANG_WARN_UNGUARDED_AVAILABILITY = YES_AGGRESSIVE;
				CLANG_WARN_UNREACHABLE_CODE = YES;
				CLANG_WARN__DUPLICATE_METHOD_MATCH = YES;
				COPY_PHASE_STRIP = NO;
				DEBUG_INFORMATION_FORMAT = "dwarf-with-dsym";
				ENABLE_NS_ASSERTIONS = NO;
				ENABLE_STRICT_OBJC_MSGSEND = YES;
				GCC_C_LANGUAGE_STANDARD = gnu11;
				GCC_NO_COMMON_BLOCKS = YES;
				GCC_WARN_64_TO_32_BIT_CONVERSION = YES;
				GCC_WARN_ABOUT_RETURN_TYPE = YES_ERROR;
				GCC_WARN_UNDECLARED_SELECTOR = YES;
				GCC_WARN_UNINITIALIZED_AUTOS = YES_AGGRESSIVE;
				GCC_WARN_UNUSED_FUNCTION = YES;
				GCC_WARN_UNUSED_VARIABLE = YES;
				IPHONEOS_DEPLOYMENT_TARGET = 13.2;
				MTL_ENABLE_DEBUG_INFO = NO;
				MTL_FAST_MATH = YES;
				SDKROOT = iphoneos;
				SWIFT_COMPILATION_MODE = wholemodule;
				SWIFT_OPTIMIZATION_LEVEL = "-O";
				VALIDATE_PRODUCT = YES;
			};
			name = Release;
		};
		C4910B9F23F889640008607F /* Debug */ = {
			isa = XCBuildConfiguration;
			baseConfigurationReference = 442503515C176B10938E01A1 /* Pods-My timetable.debug.xcconfig */;
			buildSettings = {
				ASSETCATALOG_COMPILER_APPICON_NAME = AppIcon;
				CODE_SIGN_STYLE = Automatic;
				DEVELOPMENT_TEAM = 7TUNQ9UT9C;
				INFOPLIST_FILE = "$(SRCROOT)/My timetable/Support/Info.plist";
				LD_RUNPATH_SEARCH_PATHS = (
					"$(inherited)",
					"@executable_path/Frameworks",
				);
				PRODUCT_BUNDLE_IDENTIFIER = "none.My-timetable";
				PRODUCT_NAME = "$(TARGET_NAME)";
				SWIFT_VERSION = 5.0;
				TARGETED_DEVICE_FAMILY = 1;
			};
			name = Debug;
		};
		C4910BA023F889640008607F /* Release */ = {
			isa = XCBuildConfiguration;
			baseConfigurationReference = 2D1258603AE49C58E8455F06 /* Pods-My timetable.release.xcconfig */;
			buildSettings = {
				ASSETCATALOG_COMPILER_APPICON_NAME = AppIcon;
				CODE_SIGN_STYLE = Automatic;
				DEVELOPMENT_TEAM = 7TUNQ9UT9C;
				INFOPLIST_FILE = "$(SRCROOT)/My timetable/Support/Info.plist";
				LD_RUNPATH_SEARCH_PATHS = (
					"$(inherited)",
					"@executable_path/Frameworks",
				);
				PRODUCT_BUNDLE_IDENTIFIER = "none.My-timetable";
				PRODUCT_NAME = "$(TARGET_NAME)";
				SWIFT_VERSION = 5.0;
				TARGETED_DEVICE_FAMILY = 1;
			};
			name = Release;
		};
/* End XCBuildConfiguration section */

/* Begin XCConfigurationList section */
		C4910B8523F889590008607F /* Build configuration list for PBXProject "My timetable" */ = {
			isa = XCConfigurationList;
			buildConfigurations = (
				C4910B9C23F889640008607F /* Debug */,
				C4910B9D23F889640008607F /* Release */,
			);
			defaultConfigurationIsVisible = 0;
			defaultConfigurationName = Release;
		};
		C4910B9E23F889640008607F /* Build configuration list for PBXNativeTarget "My timetable" */ = {
			isa = XCConfigurationList;
			buildConfigurations = (
				C4910B9F23F889640008607F /* Debug */,
				C4910BA023F889640008607F /* Release */,
			);
			defaultConfigurationIsVisible = 0;
			defaultConfigurationName = Release;
		};
/* End XCConfigurationList section */
	};
	rootObject = C4910B8223F889590008607F /* Project object */;
}
